# THIS IS AN AUTOGENERATED FILE. DO NOT EDIT THIS FILE DIRECTLY.
# yarn lockfile v1


"@types/commander@^2.12.2":
  version "2.12.2"
  resolved "http://registry.npm.alibaba-inc.com/@types/commander/download/@types/commander-2.12.2.tgz#183041a23842d4281478fa5d23c5ca78e6fd08ae"
  integrity sha1-GDBBojhC1CgUePpdI8XKeOb9CK4=
  dependencies:
    commander "*"

"@types/lodash@^4.14.119":
  version "4.14.119"
  resolved "http://registry.npm.alibaba-inc.com/@types/lodash/download/@types/lodash-4.14.119.tgz#be847e5f4bc3e35e46d041c394ead8b603ad8b39"
  integrity sha1-voR+X0vD415G0EHDlOrYtgOtizk=

"@types/node@^10.12.14":
  version "10.12.14"
  resolved "http://registry.npm.alibaba-inc.com/@types/node/download/@types/node-10.12.14.tgz#c03b6380c5c301be0499ecd143b99b76ebe45678"
  integrity sha1-wDtjgMXDAb4EmezRQ7mbduvkVng=

ajv@^5.1.0:
  version "5.5.2"
  resolved "http://registry.npm.alibaba-inc.com/ajv/download/ajv-5.5.2.tgz#73b5eeca3fab653e3d3f9422b341ad42205dc965"
  integrity sha1-c7Xuyj+rZT49P5Qis0GtQiBdyWU=
  dependencies:
    co "^4.6.0"
    fast-deep-equal "^1.0.0"
    fast-json-stable-stringify "^2.0.0"
    json-schema-traverse "^0.3.0"

ansi-regex@^3.0.0:
  version "3.0.0"
  resolved "http://registry.npm.alibaba-inc.com/ansi-regex/download/ansi-regex-3.0.0.tgz#ed0317c322064f79466c02966bddb605ab37d998"
  integrity sha1-7QMXwyIGT3lGbAKWa922Bas32Zg=

ansi-styles@^3.2.1:
  version "3.2.1"
  resolved "http://registry.npm.alibaba-inc.com/ansi-styles/download/ansi-styles-3.2.1.tgz#41fbb20243e50b12be0f04b8dedbf07520ce841d"
  integrity sha1-QfuyAkPlCxK+DwS43tvwdSDOhB0=
  dependencies:
    color-convert "^1.9.0"

arrify@^1.0.0:
  version "1.0.1"
  resolved "http://registry.npm.alibaba-inc.com/arrify/download/arrify-1.0.1.tgz#898508da2226f380df904728456849c1501a4b0d"
  integrity sha1-iYUI2iIm84DfkEcoRWhJwVAaSw0=

asn1@~0.2.3:
  version "0.2.4"
  resolved "http://registry.npm.alibaba-inc.com/asn1/download/asn1-0.2.4.tgz#8d2475dfab553bb33e77b54e59e880bb8ce23136"
  integrity sha1-jSR136tVO7M+d7VOWeiAu4ziMTY=
  dependencies:
    safer-buffer "~2.1.0"

assert-plus@1.0.0, assert-plus@^1.0.0:
  version "1.0.0"
  resolved "http://registry.npm.alibaba-inc.com/assert-plus/download/assert-plus-1.0.0.tgz#f12e0f3c5d77b0b1cdd9146942e4e96c1e4dd525"
  integrity sha1-8S4PPF13sLHN2RRpQuTpbB5N1SU=

async@2.6.1:
  version "2.6.1"
  resolved "http://registry.npm.alibaba-inc.com/async/download/async-2.6.1.tgz#b245a23ca71930044ec53fa46aa00a3e87c6a610"
  integrity sha1-skWiPKcZMAROxT+kaqAKPofGphA=
  dependencies:
    lodash "^4.17.10"

asynckit@^0.4.0:
  version "0.4.0"
  resolved "http://registry.npm.alibaba-inc.com/asynckit/download/asynckit-0.4.0.tgz#c79ed97f7f34cb8f2ba1bc9790bcc366474b4b79"
  integrity sha1-x57Zf380y48robyXkLzDZkdLS3k=

aws-sign2@~0.7.0:
  version "0.7.0"
  resolved "http://registry.npm.alibaba-inc.com/aws-sign2/download/aws-sign2-0.7.0.tgz#b46e890934a9591f2d2f6f86d7e6a9f1b3fe76a8"
  integrity sha1-tG6JCTSpWR8tL2+G1+ap8bP+dqg=

aws4@^1.6.0:
  version "1.8.0"
  resolved "http://registry.npm.alibaba-inc.com/aws4/download/aws4-1.8.0.tgz#f0e003d9ca9e7f59c7a508945d7b2ef9a04a542f"
  integrity sha1-8OAD2cqef1nHpQiUXXsu+aBKVC8=

bcrypt-pbkdf@^1.0.0:
  version "1.0.2"
  resolved "http://registry.npm.alibaba-inc.com/bcrypt-pbkdf/download/bcrypt-pbkdf-1.0.2.tgz#a4301d389b6a43f9b67ff3ca11a3f6637e360e9e"
  integrity sha1-pDAdOJtqQ/m2f/PKEaP2Y342Dp4=
  dependencies:
    tweetnacl "^0.14.3"

buffer-from@^1.0.0, buffer-from@^1.1.0:
  version "1.1.1"
  resolved "http://registry.npm.alibaba-inc.com/buffer-from/download/buffer-from-1.1.1.tgz#32713bc028f75c02fdb710d7c7bcec1f2c6070ef"
  integrity sha1-MnE7wCj3XAL9txDXx7zsHyxgcO8=

caseless@~0.12.0:
  version "0.12.0"
  resolved "http://registry.npm.alibaba-inc.com/caseless/download/caseless-0.12.0.tgz#1b681c21ff84033c826543090689420d187151dc"
  integrity sha1-G2gcIf+EAzyCZUMJBolCDRhxUdw=

chalk@^2.0.1, chalk@^2.3.1:
  version "2.4.2"
  resolved "http://registry.npm.alibaba-inc.com/chalk/download/chalk-2.4.2.tgz#cd42541677a54333cf541a49108c1432b44c9424"
  integrity sha1-zUJUFnelQzPPVBpJEIwUMrRMlCQ=
  dependencies:
    ansi-styles "^3.2.1"
    escape-string-regexp "^1.0.5"
    supports-color "^5.3.0"

cli-cursor@^2.1.0:
  version "2.1.0"
  resolved "http://registry.npm.alibaba-inc.com/cli-cursor/download/cli-cursor-2.1.0.tgz#b35dac376479facc3e94747d41d0d0f5238ffcb5"
  integrity sha1-s12sN2R5+sw+lHR9QdDQ9SOP/LU=
  dependencies:
    restore-cursor "^2.0.0"

cli-spinners@^1.1.0:
  version "1.3.1"
  resolved "http://registry.npm.alibaba-inc.com/cli-spinners/download/cli-spinners-1.3.1.tgz#002c1990912d0d59580c93bd36c056de99e4259a"
  integrity sha1-ACwZkJEtDVlYDJO9NsBW3pnkJZo=

clone@^1.0.2:
  version "1.0.4"
  resolved "http://registry.npm.alibaba-inc.com/clone/download/clone-1.0.4.tgz#da309cc263df15994c688ca902179ca3c7cd7c7e"
  integrity sha1-2jCcwmPfFZlMaIypAheco8fNfH4=

co@^4.6.0:
  version "4.6.0"
  resolved "http://registry.npm.alibaba-inc.com/co/download/co-4.6.0.tgz#6ea6bdf3d853ae54ccb8e47bfa0bf3f9031fb184"
  integrity sha1-bqa989hTrlTMuOR7+gvz+QMfsYQ=

color-convert@^1.9.0:
  version "1.9.3"
  resolved "http://registry.npm.alibaba-inc.com/color-convert/download/color-convert-1.9.3.tgz#bb71850690e1f136567de629d2d5471deda4c1e8"
  integrity sha1-u3GFBpDh8TZWfeYp0tVHHe2kweg=
  dependencies:
    color-name "1.1.3"

color-name@1.1.3:
  version "1.1.3"
  resolved "http://registry.npm.alibaba-inc.com/color-name/download/color-name-1.1.3.tgz#a7d0558bd89c42f795dd42328f740831ca53bc25"
  integrity sha1-p9BVi9icQveV3UIyj3QIMcpTvCU=

combined-stream@^1.0.6, combined-stream@~1.0.5:
  version "1.0.7"
  resolved "http://registry.npm.alibaba-inc.com/combined-stream/download/combined-stream-1.0.7.tgz#2d1d24317afb8abe95d6d2c0b07b57813539d828"
  integrity sha1-LR0kMXr7ir6V1tLAsHtXgTU52Cg=
  dependencies:
    delayed-stream "~1.0.0"

commander@*, commander@2, commander@^2.19.0:
  version "2.19.0"
  resolved "http://registry.npm.alibaba-inc.com/commander/download/commander-2.19.0.tgz#f6198aa84e5b83c46054b94ddedbfed5ee9ff12a"
  integrity sha1-9hmKqE5bg8RgVLlN3tv+1e6f8So=

core-util-is@1.0.2:
  version "1.0.2"
  resolved "http://registry.npm.alibaba-inc.com/core-util-is/download/core-util-is-1.0.2.tgz#b5fd54220aa2bc5ab57aab7140c940754503c1a7"
  integrity sha1-tf1UIgqivFq1eqtxQMlAdUUDwac=

d3-dsv@^1.0.10:
  version "1.0.10"
  resolved "http://registry.npm.alibaba-inc.com/d3-dsv/download/d3-dsv-1.0.10.tgz#4371c489a2a654a297aca16fcaf605a6f31a6f51"
  integrity sha1-Q3HEiaKmVKKXrKFvyvYFpvMab1E=
  dependencies:
    commander "2"
    iconv-lite "0.4"
    rw "1"

dashdash@^1.12.0:
  version "1.14.1"
  resolved "http://registry.npm.alibaba-inc.com/dashdash/download/dashdash-1.14.1.tgz#853cfa0f7cbe2fed5de20326b8dd581035f6e2f0"
  integrity sha1-hTz6D3y+L+1d4gMmuN1YEDX24vA=
  dependencies:
    assert-plus "^1.0.0"

defaults@^1.0.3:
  version "1.0.3"
  resolved "http://registry.npm.alibaba-inc.com/defaults/download/defaults-1.0.3.tgz#c656051e9817d9ff08ed881477f3fe4019f3ef7d"
  integrity sha1-xlYFHpgX2f8I7YgUd/P+QBnz730=
  dependencies:
    clone "^1.0.2"

delayed-stream@~1.0.0:
  version "1.0.0"
  resolved "http://registry.npm.alibaba-inc.com/delayed-stream/download/delayed-stream-1.0.0.tgz#df3ae199acadfb7d440aaae0b29e2272b24ec619"
  integrity sha1-3zrhmayt+31ECqrgsp4icrJOxhk=

diff@^3.1.0:
  version "3.5.0"
  resolved "http://registry.npm.alibaba-inc.com/diff/download/diff-3.5.0.tgz#800c0dd1e0a8bfbc95835c202ad220fe317e5a12"
  integrity sha1-gAwN0eCov7yVg1wgKtIg/jF+WhI=

ecc-jsbn@~0.1.1:
  version "0.1.2"
  resolved "http://registry.npm.alibaba-inc.com/ecc-jsbn/download/ecc-jsbn-0.1.2.tgz#3a83a904e54353287874c564b7549386849a98c9"
  integrity sha1-OoOpBOVDUyh4dMVkt1SThoSamMk=
  dependencies:
    jsbn "~0.1.0"
    safer-buffer "^2.1.0"

escape-string-regexp@^1.0.5:
  version "1.0.5"
  resolved "http://registry.npm.alibaba-inc.com/escape-string-regexp/download/escape-string-regexp-1.0.5.tgz#1b61c0562190a8dff6ae3bb2cf0200ca130b86d4"
  integrity sha1-G2HAViGQqN/2rjuyzwIAyhMLhtQ=

extend@~3.0.1:
  version "3.0.2"
  resolved "http://registry.npm.alibaba-inc.com/extend/download/extend-3.0.2.tgz#f8b1136b4071fbd8eb140aff858b1019ec2915fa"
  integrity sha1-+LETa0Bx+9jrFAr/hYsQGewpFfo=

extsprintf@1.3.0:
  version "1.3.0"
  resolved "http://registry.npm.alibaba-inc.com/extsprintf/download/extsprintf-1.3.0.tgz#96918440e3041a7a414f8c52e3c574eb3c3e1e05"
  integrity sha1-lpGEQOMEGnpBT4xS48V06zw+HgU=

extsprintf@^1.2.0:
  version "1.4.0"
  resolved "http://registry.npm.alibaba-inc.com/extsprintf/download/extsprintf-1.4.0.tgz#e2689f8f356fad62cca65a3a91c5df5f9551692f"
  integrity sha1-4mifjzVvrWLMplo6kcXfX5VRaS8=

fast-deep-equal@^1.0.0:
  version "1.1.0"
  resolved "http://registry.npm.alibaba-inc.com/fast-deep-equal/download/fast-deep-equal-1.1.0.tgz#c053477817c86b51daa853c81e059b733d023614"
  integrity sha1-wFNHeBfIa1HaqFPIHgWbcz0CNhQ=

fast-json-stable-stringify@^2.0.0:
  version "2.0.0"
  resolved "http://registry.npm.alibaba-inc.com/fast-json-stable-stringify/download/fast-json-stable-stringify-2.0.0.tgz#d5142c0caee6b1189f87d3a76111064f86c8bbf2"
  integrity sha1-1RQsDK7msRifh9OnYREGT4bIu/I=

forever-agent@~0.6.1:
  version "0.6.1"
  resolved "http://registry.npm.alibaba-inc.com/forever-agent/download/forever-agent-0.6.1.tgz#fbc71f0c41adeb37f96c577ad1ed42d8fdacca91"
  integrity sha1-+8cfDEGt6zf5bFd60e1C2P2sypE=

form-data@~2.3.1:
  version "2.3.3"
  resolved "http://registry.npm.alibaba-inc.com/form-data/download/form-data-2.3.3.tgz#dcce52c05f644f298c6a7ab936bd724ceffbf3a6"
  integrity sha1-3M5SwF9kTymManq5Nr1yTO/786Y=
  dependencies:
    asynckit "^0.4.0"
    combined-stream "^1.0.6"
    mime-types "^2.1.12"

getpass@^0.1.1:
  version "0.1.7"
  resolved "http://registry.npm.alibaba-inc.com/getpass/download/getpass-0.1.7.tgz#5eff8e3e684d569ae4cb2b1282604e8ba62149fa"
  integrity sha1-Xv+OPmhNVprkyysSgmBOi6YhSfo=
  dependencies:
    assert-plus "^1.0.0"

google-translate@^2.2.0:
  version "2.2.0"
  resolved "http://registry.npm.alibaba-inc.com/google-translate/download/google-translate-2.2.0.tgz#bfba67d5317f2243bb1962fb0dfdff25ee108d78"
  integrity sha1-v7pn1TF/IkO7GWL7Df3/Je4QjXg=
  dependencies:
    async "2.6.1"
    he "1.1.1"
    request "2.87.0"
    underscore "1.9.1"

har-schema@^2.0.0:
  version "2.0.0"
  resolved "http://registry.npm.alibaba-inc.com/har-schema/download/har-schema-2.0.0.tgz#a94c2224ebcac04782a0d9035521f24735b7ec92"
  integrity sha1-qUwiJOvKwEeCoNkDVSHyRzW37JI=

har-validator@~5.0.3:
  version "5.0.3"
  resolved "http://registry.npm.alibaba-inc.com/har-validator/download/har-validator-5.0.3.tgz#ba402c266194f15956ef15e0fcf242993f6a7dfd"
  integrity sha1-ukAsJmGU8VlW7xXg/PJCmT9qff0=
  dependencies:
    ajv "^5.1.0"
    har-schema "^2.0.0"

has-flag@^3.0.0:
  version "3.0.0"
  resolved "http://registry.npm.alibaba-inc.com/has-flag/download/has-flag-3.0.0.tgz#b5d454dc2199ae225699f3467e5a07f3b955bafd"
  integrity sha1-tdRU3CGZriJWmfNGfloH87lVuv0=

he@1.1.1:
  version "1.1.1"
  resolved "http://registry.npm.alibaba-inc.com/he/download/he-1.1.1.tgz#93410fd21b009735151f8868c2f271f3427e23fd"
  integrity sha1-k0EP0hsAlzUVH4howvJx80J+I/0=

http-signature@~1.2.0:
  version "1.2.0"
  resolved "http://registry.npm.alibaba-inc.com/http-signature/download/http-signature-1.2.0.tgz#9aecd925114772f3d95b65a60abb8f7c18fbace1"
  integrity sha1-muzZJRFHcvPZW2WmCruPfBj7rOE=
  dependencies:
    assert-plus "^1.0.0"
    jsprim "^1.2.2"
    sshpk "^1.7.0"

iconv-lite@0.4:
  version "0.4.24"
  resolved "http://registry.npm.alibaba-inc.com/iconv-lite/download/iconv-lite-0.4.24.tgz#2022b4b25fbddc21d2f524974a474aafe733908b"
  integrity sha1-ICK0sl+93CHS9SSXSkdKr+czkIs=
  dependencies:
    safer-buffer ">= 2.1.2 < 3"

is-typedarray@~1.0.0:
  version "1.0.0"
  resolved "http://registry.npm.alibaba-inc.com/is-typedarray/download/is-typedarray-1.0.0.tgz#e479c80858df0c1b11ddda6940f96011fcda4a9a"
  integrity sha1-5HnICFjfDBsR3dppQPlgEfzaSpo=

isstream@~0.1.2:
  version "0.1.2"
  resolved "http://registry.npm.alibaba-inc.com/isstream/download/isstream-0.1.2.tgz#47e63f7af55afa6f92e1500e690eb8b8529c099a"
  integrity sha1-R+Y/evVa+m+S4VAOaQ64uFKcCZo=

jsbn@~0.1.0:
  version "0.1.1"
  resolved "http://registry.npm.alibaba-inc.com/jsbn/download/jsbn-0.1.1.tgz#a5e654c2e5a2deb5f201d96cefbca80c0ef2f513"
  integrity sha1-peZUwuWi3rXyAdls77yoDA7y9RM=

json-schema-traverse@^0.3.0:
  version "0.3.1"
  resolved "http://registry.npm.alibaba-inc.com/json-schema-traverse/download/json-schema-traverse-0.3.1.tgz#349a6d44c53a51de89b40805c5d5e59b417d3340"
  integrity sha1-NJptRMU6Ud6JtAgFxdXlm0F9M0A=

json-schema@0.2.3:
  version "0.2.3"
  resolved "http://registry.npm.alibaba-inc.com/json-schema/download/json-schema-0.2.3.tgz#b480c892e59a2f05954ce727bd3f2a4e882f9e13"
  integrity sha1-tIDIkuWaLwWVTOcnvT8qTogvnhM=

json-stringify-safe@~5.0.1:
  version "5.0.1"
  resolved "http://registry.npm.alibaba-inc.com/json-stringify-safe/download/json-stringify-safe-5.0.1.tgz#1296a2d58fd45f19a0f6ce01d65701e2c735b6eb"
  integrity sha1-Epai1Y/UXxmg9s4B1lcB4sc1tus=

jsprim@^1.2.2:
  version "1.4.1"
  resolved "http://registry.npm.alibaba-inc.com/jsprim/download/jsprim-1.4.1.tgz#313e66bc1e5cc06e438bc1b7499c2e5c56acb6a2"
  integrity sha1-MT5mvB5cwG5Di8G3SZwuXFastqI=
  dependencies:
    assert-plus "1.0.0"
    extsprintf "1.3.0"
    json-schema "0.2.3"
    verror "1.10.0"

lodash@^4.17.10, lodash@^4.17.11:
  version "4.17.11"
  resolved "http://registry.npm.alibaba-inc.com/lodash/download/lodash-4.17.11.tgz#b39ea6229ef607ecd89e2c8df12536891cac9b8d"
  integrity sha1-s56mIp72B+zYniyN8SU2iRysm40=

log-symbols@^2.2.0:
  version "2.2.0"
  resolved "http://registry.npm.alibaba-inc.com/log-symbols/download/log-symbols-2.2.0.tgz#5740e1c5d6f0dfda4ad9323b5332107ef6b4c40a"
  integrity sha1-V0Dhxdbw39pK2TI7UzIQfva0xAo=
  dependencies:
    chalk "^2.0.1"

make-error@^1.1.1:
  version "1.3.5"
  resolved "http://registry.npm.alibaba-inc.com/make-error/download/make-error-1.3.5.tgz#efe4e81f6db28cadd605c70f29c831b58ef776c8"
  integrity sha1-7+ToH22yjK3WBccPKcgxtY73dsg=

mime-db@~1.37.0:
  version "1.37.0"
  resolved "http://registry.npm.alibaba-inc.com/mime-db/download/mime-db-1.37.0.tgz#0b6a0ce6fdbe9576e25f1f2d2fde8830dc0ad0d8"
  integrity sha1-C2oM5v2+lXbiXx8tL96IMNwK0Ng=

mime-types@^2.1.12, mime-types@~2.1.17:
  version "2.1.21"
  resolved "http://registry.npm.alibaba-inc.com/mime-types/download/mime-types-2.1.21.tgz#28995aa1ecb770742fe6ae7e58f9181c744b3f96"
  integrity sha1-KJlaoey3cHQv5q5+WPkYHHRLP5Y=
  dependencies:
    mime-db "~1.37.0"

mimic-fn@^1.0.0:
  version "1.2.0"
  resolved "http://registry.npm.alibaba-inc.com/mimic-fn/download/mimic-fn-1.2.0.tgz#820c86a39334640e99516928bd03fca88057d022"
  integrity sha1-ggyGo5M0ZA6ZUWkovQP8qIBX0CI=

minimist@0.0.8:
  version "0.0.8"
  resolved "http://registry.npm.alibaba-inc.com/minimist/download/minimist-0.0.8.tgz#857fcabfc3397d2625b8228262e86aa7a011b05d"
  integrity sha1-hX/Kv8M5fSYluCKCYuhqp6ARsF0=

minimist@^1.2.0:
  version "1.2.0"
  resolved "http://registry.npm.alibaba-inc.com/minimist/download/minimist-1.2.0.tgz#a35008b20f41383eec1fb914f4cd5df79a264284"
  integrity sha1-o1AIsg9BOD7sH7kU9M1d95omQoQ=

mkdirp@^0.5.1:
  version "0.5.1"
  resolved "http://registry.npm.alibaba-inc.com/mkdirp/download/mkdirp-0.5.1.tgz#30057438eac6cf7f8c4767f38648d6697d75c903"
  integrity sha1-MAV0OOrGz3+MR2fzhkjWaX11yQM=
  dependencies:
    minimist "0.0.8"

oauth-sign@~0.8.2:
  version "0.8.2"
  resolved "http://registry.npm.alibaba-inc.com/oauth-sign/download/oauth-sign-0.8.2.tgz#46a6ab7f0aead8deae9ec0565780b7d4efeb9d43"
  integrity sha1-Rqarfwrq2N6unsBWV4C31O/rnUM=

onetime@^2.0.0:
  version "2.0.1"
  resolved "http://registry.npm.alibaba-inc.com/onetime/download/onetime-2.0.1.tgz#067428230fd67443b2794b22bba528b6867962d4"
  integrity sha1-BnQoIw/WdEOyeUsiu6UotoZ5YtQ=
  dependencies:
    mimic-fn "^1.0.0"

ora@^3.0.0:
  version "3.0.0"
  resolved "http://registry.npm.alibaba-inc.com/ora/download/ora-3.0.0.tgz#8179e3525b9aafd99242d63cc206fd64732741d0"
  integrity sha1-gXnjUluar9mSQtY8wgb9ZHMnQdA=
  dependencies:
    chalk "^2.3.1"
    cli-cursor "^2.1.0"
    cli-spinners "^1.1.0"
    log-symbols "^2.2.0"
    strip-ansi "^4.0.0"
    wcwidth "^1.0.1"

performance-now@^2.1.0:
  version "2.1.0"
  resolved "http://registry.npm.alibaba-inc.com/performance-now/download/performance-now-2.1.0.tgz#6309f4e0e5fa913ec1c69307ae364b4b377c9e7b"
  integrity sha1-Ywn04OX6kT7BxpMHrjZLSzd8nns=

punycode@^1.4.1:
  version "1.4.1"
  resolved "http://registry.npm.alibaba-inc.com/punycode/download/punycode-1.4.1.tgz#c0d5a63b2718800ad8e1eb0fa5269c84dd41845e"
  integrity sha1-wNWmOycYgArY4esPpSachN1BhF4=

qs@~6.5.1:
  version "6.5.2"
  resolved "http://registry.npm.alibaba-inc.com/qs/download/qs-6.5.2.tgz#cb3ae806e8740444584ef154ce8ee98d403f3e36"
  integrity sha1-yzroBuh0BERYTvFUzo7pjUA/PjY=

request@2.87.0:
  version "2.87.0"
  resolved "http://registry.npm.alibaba-inc.com/request/download/request-2.87.0.tgz#32f00235cd08d482b4d0d68db93a829c0ed5756e"
  integrity sha1-MvACNc0I1IK00NaNuTqCnA7VdW4=
  dependencies:
    aws-sign2 "~0.7.0"
    aws4 "^1.6.0"
    caseless "~0.12.0"
    combined-stream "~1.0.5"
    extend "~3.0.1"
    forever-agent "~0.6.1"
    form-data "~2.3.1"
    har-validator "~5.0.3"
    http-signature "~1.2.0"
    is-typedarray "~1.0.0"
    isstream "~0.1.2"
    json-stringify-safe "~5.0.1"
    mime-types "~2.1.17"
    oauth-sign "~0.8.2"
    performance-now "^2.1.0"
    qs "~6.5.1"
    safe-buffer "^5.1.1"
    tough-cookie "~2.3.3"
    tunnel-agent "^0.6.0"
    uuid "^3.1.0"

restore-cursor@^2.0.0:
  version "2.0.0"
  resolved "http://registry.npm.alibaba-inc.com/restore-cursor/download/restore-cursor-2.0.0.tgz#9f7ee287f82fd326d4fd162923d62129eee0dfaf"
  integrity sha1-n37ih/gv0ybU/RYpI9YhKe7g368=
  dependencies:
    onetime "^2.0.0"
    signal-exit "^3.0.2"

rw@1:
  version "1.3.3"
  resolved "http://registry.npm.alibaba-inc.com/rw/download/rw-1.3.3.tgz#3f862dfa91ab766b14885ef4d01124bfda074fb4"
  integrity sha1-P4Yt+pGrdmsUiF700BEkv9oHT7Q=

safe-buffer@^5.0.1, safe-buffer@^5.1.1:
  version "5.1.2"
  resolved "http://registry.npm.alibaba-inc.com/safe-buffer/download/safe-buffer-5.1.2.tgz#991ec69d296e0313747d59bdfd2b745c35f8828d"
  integrity sha1-mR7GnSluAxN0fVm9/St0XDX4go0=

"safer-buffer@>= 2.1.2 < 3", safer-buffer@^2.0.2, safer-buffer@^2.1.0, safer-buffer@~2.1.0:
  version "2.1.2"
  resolved "http://registry.npm.alibaba-inc.com/safer-buffer/download/safer-buffer-2.1.2.tgz#44fa161b0187b9549dd84bb91802f9bd8385cd6a"
  integrity sha1-RPoWGwGHuVSd2Eu5GAL5vYOFzWo=

signal-exit@^3.0.2:
  version "3.0.2"
  resolved "http://registry.npm.alibaba-inc.com/signal-exit/download/signal-exit-3.0.2.tgz#b5fdc08f1287ea1178628e415e25132b73646c6d"
  integrity sha1-tf3AjxKH6hF4Yo5BXiUTK3NkbG0=

source-map-support@^0.5.6:
  version "0.5.9"
  resolved "http://registry.npm.alibaba-inc.com/source-map-support/download/source-map-support-0.5.9.tgz#41bc953b2534267ea2d605bccfa7bfa3111ced5f"
  integrity sha1-QbyVOyU0Jn6i1gW8z6e/oxEc7V8=
  dependencies:
    buffer-from "^1.0.0"
    source-map "^0.6.0"

source-map@^0.6.0:
  version "0.6.1"
  resolved "http://registry.npm.alibaba-inc.com/source-map/download/source-map-0.6.1.tgz#74722af32e9614e9c287a8d0bbde48b5e2f1a263"
  integrity sha1-dHIq8y6WFOnCh6jQu95IteLxomM=

sshpk@^1.7.0:
  version "1.15.2"
  resolved "http://registry.npm.alibaba-inc.com/sshpk/download/sshpk-1.15.2.tgz#c946d6bd9b1a39d0e8635763f5242d6ed6dcb629"
  integrity sha1-yUbWvZsaOdDoY1dj9SQtbtbctik=
  dependencies:
    asn1 "~0.2.3"
    assert-plus "^1.0.0"
    bcrypt-pbkdf "^1.0.0"
    dashdash "^1.12.0"
    ecc-jsbn "~0.1.1"
    getpass "^0.1.1"
    jsbn "~0.1.0"
    safer-buffer "^2.0.2"
    tweetnacl "~0.14.0"

strip-ansi@^4.0.0:
  version "4.0.0"
  resolved "http://registry.npm.alibaba-inc.com/strip-ansi/download/strip-ansi-4.0.0.tgz#a8479022eb1ac368a871389b635262c505ee368f"
  integrity sha1-qEeQIusaw2iocTibY1JixQXuNo8=
  dependencies:
    ansi-regex "^3.0.0"

supports-color@^5.3.0:
  version "5.5.0"
  resolved "http://registry.npm.alibaba-inc.com/supports-color/download/supports-color-5.5.0.tgz#e2e69a44ac8772f78a1ec0b35b689df6530efc8f"
  integrity sha1-4uaaRKyHcveKHsCzW2id9lMO/I8=
  dependencies:
    has-flag "^3.0.0"

tough-cookie@~2.3.3:
  version "2.3.4"
  resolved "http://registry.npm.alibaba-inc.com/tough-cookie/download/tough-cookie-2.3.4.tgz#ec60cee38ac675063ffc97a5c18970578ee83655"
  integrity sha1-7GDO44rGdQY//JelwYlwV47oNlU=
  dependencies:
    punycode "^1.4.1"

ts-node@^7.0.1:
  version "7.0.1"
  resolved "http://registry.npm.alibaba-inc.com/ts-node/download/ts-node-7.0.1.tgz#9562dc2d1e6d248d24bc55f773e3f614337d9baf"
  integrity sha1-lWLcLR5tJI0kvFX3c+P2FDN9m68=
  dependencies:
    arrify "^1.0.0"
    buffer-from "^1.1.0"
    diff "^3.1.0"
    make-error "^1.1.1"
    minimist "^1.2.0"
    mkdirp "^0.5.1"
    source-map-support "^0.5.6"
    yn "^2.0.0"

tunnel-agent@^0.6.0:
  version "0.6.0"
  resolved "http://registry.npm.alibaba-inc.com/tunnel-agent/download/tunnel-agent-0.6.0.tgz#27a5dea06b36b04a0a9966774b290868f0fc40fd"
  integrity sha1-J6XeoGs2sEoKmWZ3SykIaPD8QP0=
  dependencies:
    safe-buffer "^5.0.1"

tweetnacl@^0.14.3, tweetnacl@~0.14.0:
  version "0.14.5"
  resolved "http://registry.npm.alibaba-inc.com/tweetnacl/download/tweetnacl-0.14.5.tgz#5ae68177f192d4456269d108afa93ff8743f4f64"
  integrity sha1-WuaBd/GS1EViadEIr6k/+HQ/T2Q=

typescript@^3.2.2:
  version "3.2.2"
  resolved "http://registry.npm.alibaba-inc.com/typescript/download/typescript-3.2.2.tgz#fe8101c46aa123f8353523ebdcf5730c2ae493e5"
  integrity sha1-/oEBxGqhI/g1NSPr3PVzDCrkk+U=

underscore@1.9.1:
  version "1.9.1"
  resolved "http://registry.npm.alibaba-inc.com/underscore/download/underscore-1.9.1.tgz#06dce34a0e68a7babc29b365b8e74b8925203961"
  integrity sha1-BtzjSg5op7q8KbNluOdLiSUgOWE=

uuid@^3.1.0:
  version "3.3.2"
  resolved "http://registry.npm.alibaba-inc.com/uuid/download/uuid-3.3.2.tgz#1b4af4955eb3077c501c23872fc6513811587131"
  integrity sha1-G0r0lV6zB3xQHCOHL8ZROBFYcTE=

verror@1.10.0:
  version "1.10.0"
  resolved "http://registry.npm.alibaba-inc.com/verror/download/verror-1.10.0.tgz#3a105ca17053af55d6e270c1f8288682e18da400"
  integrity sha1-OhBcoXBTr1XW4nDB+CiGguGNpAA=
  dependencies:
    assert-plus "^1.0.0"
    core-util-is "1.0.2"
    extsprintf "^1.2.0"

wcwidth@^1.0.1:
  version "1.0.1"
  resolved "http://registry.npm.alibaba-inc.com/wcwidth/download/wcwidth-1.0.1.tgz#f0b0dcf915bc5ff1528afadb2c0e17b532da2fe8"
  integrity sha1-8LDc+RW8X/FSivrbLA4XtTLaL+g=
  dependencies:
    defaults "^1.0.3"

yn@^2.0.0:
  version "2.0.0"
  resolved "http://registry.npm.alibaba-inc.com/yn/download/yn-2.0.0.tgz#e5adabc8acf408f6385fc76495684c88e6af689a"
  integrity sha1-5a2ryKz0CPY4X8dklWhMiOavaJo=
